
Microsoft Visual Studio Solution File, Format Version 12.00
# Visual Studio 14
VisualStudioVersion = 14.0.25420.1
MinimumVisualStudioVersion = 10.0.40219.1
Project("{FAE04EC0-301F-11D3-BF4B-00C04F79EFBC}") = "Parakeet", "Parakeet\Parakeet.csproj", "{A5D74C80-FB6D-4415-81D3-C0C2FF608518}"
EndProject
Project("{FAE04EC0-301F-11D3-BF4B-00C04F79EFBC}") = "FFManager", "Manager\FFManager\FFManager.csproj", "{2D478C0A-C99C-4336-A47E-3A2E789F98E3}"
EndProject
Project("{2150E333-8FDC-42A3-9474-1A3956D46DE8}") = "Manager", "Manager", "{484BA1BE-D42B-410D-A83D-59529C7ACB38}"
EndProject
Project("{FAE04EC0-301F-11D3-BF4B-00C04F79EFBC}") = "SManager", "Manager\SManager\SManager.csproj", "{2EF2AEBC-1AF3-4ECC-AA1C-BB2C417888F8}"
EndProject
Project("{FAE04EC0-301F-11D3-BF4B-00C04F79EFBC}") = "Manager", "Manager\Manager\Manager.csproj", "{2D34F9AA-31A2-4F7B-B075-B0AFA4AF7231}"
EndProject
Project("{FAE04EC0-301F-11D3-BF4B-00C04F79EFBC}") = "CManager", "CManager\CManager.csproj", "{804995C5-68E1-41D2-A594-77A38BE7BD8F}"
EndProject
Global
	GlobalSection(SolutionConfigurationPlatforms) = preSolution
		Debug|Any CPU = Debug|Any CPU
		Debug|x86 = Debug|x86
		Release|Any CPU = Release|Any CPU
		Release|x86 = Release|x86
	EndGlobalSection
	GlobalSection(ProjectConfigurationPlatforms) = postSolution
		{A5D74C80-FB6D-4415-81D3-C0C2FF608518}.Debug|Any CPU.ActiveCfg = Debug|Any CPU
		{A5D74C80-FB6D-4415-81D3-C0C2FF608518}.Debug|Any CPU.Build.0 = Debug|Any CPU
		{A5D74C80-FB6D-4415-81D3-C0C2FF608518}.Debug|x86.ActiveCfg = Debug|Any CPU
		{A5D74C80-FB6D-4415-81D3-C0C2FF608518}.Debug|x86.Build.0 = Debug|Any CPU
		{A5D74C80-FB6D-4415-81D3-C0C2FF608518}.Release|Any CPU.ActiveCfg = Release|Any CPU
		{A5D74C80-FB6D-4415-81D3-C0C2FF608518}.Release|Any CPU.Build.0 = Release|Any CPU
		{A5D74C80-FB6D-4415-81D3-C0C2FF608518}.Release|x86.ActiveCfg = Release|Any CPU
		{A5D74C80-FB6D-4415-81D3-C0C2FF608518}.Release|x86.Build.0 = Release|Any CPU
		{2D478C0A-C99C-4336-A47E-3A2E789F98E3}.Debug|Any CPU.ActiveCfg = Debug|Any CPU
		{2D478C0A-C99C-4336-A47E-3A2E789F98E3}.Debug|Any CPU.Build.0 = Debug|Any CPU
		{2D478C0A-C99C-4336-A47E-3A2E789F98E3}.Debug|x86.ActiveCfg = Debug|Any CPU
		{2D478C0A-C99C-4336-A47E-3A2E789F98E3}.Debug|x86.Build.0 = Debug|Any CPU
		{2D478C0A-C99C-4336-A47E-3A2E789F98E3}.Release|Any CPU.ActiveCfg = Release|Any CPU
		{2D478C0A-C99C-4336-A47E-3A2E789F98E3}.Release|Any CPU.Build.0 = Release|Any CPU
		{2D478C0A-C99C-4336-A47E-3A2E789F98E3}.Release|x86.ActiveCfg = Release|Any CPU
		{2D478C0A-C99C-4336-A47E-3A2E789F98E3}.Release|x86.Build.0 = Release|Any CPU
		{2EF2AEBC-1AF3-4ECC-AA1C-BB2C417888F8}.Debug|Any CPU.ActiveCfg = Debug|Any CPU
		{2EF2AEBC-1AF3-4ECC-AA1C-BB2C417888F8}.Debug|Any CPU.Build.0 = Debug|Any CPU
		{2EF2AEBC-1AF3-4ECC-AA1C-BB2C417888F8}.Debug|x86.ActiveCfg = Debug|Any CPU
		{2EF2AEBC-1AF3-4ECC-AA1C-BB2C417888F8}.Debug|x86.Build.0 = Debug|Any CPU
		{2EF2AEBC-1AF3-4ECC-AA1C-BB2C417888F8}.Release|Any CPU.ActiveCfg = Release|Any CPU
		{2EF2AEBC-1AF3-4ECC-AA1C-BB2C417888F8}.Release|Any CPU.Build.0 = Release|Any CPU
		{2EF2AEBC-1AF3-4ECC-AA1C-BB2C417888F8}.Release|x86.ActiveCfg = Release|Any CPU
		{2EF2AEBC-1AF3-4ECC-AA1C-BB2C417888F8}.Release|x86.Build.0 = Release|Any CPU
		{2D34F9AA-31A2-4F7B-B075-B0AFA4AF7231}.Debug|Any CPU.ActiveCfg = Debug|Any CPU
		{2D34F9AA-31A2-4F7B-B075-B0AFA4AF7231}.Debug|Any CPU.Build.0 = Debug|Any CPU
		{2D34F9AA-31A2-4F7B-B075-B0AFA4AF7231}.Debug|x86.ActiveCfg = Debug|Any CPU
		{2D34F9AA-31A2-4F7B-B075-B0AFA4AF7231}.Debug|x86.Build.0 = Debug|Any CPU
		{2D34F9AA-31A2-4F7B-B075-B0AFA4AF7231}.Release|Any CPU.ActiveCfg = Release|Any CPU
		{2D34F9AA-31A2-4F7B-B075-B0AFA4AF7231}.Release|Any CPU.Build.0 = Release|Any CPU
		{2D34F9AA-31A2-4F7B-B075-B0AFA4AF7231}.Release|x86.ActiveCfg = Release|Any CPU
		{2D34F9AA-31A2-4F7B-B075-B0AFA4AF7231}.Release|x86.Build.0 = Release|Any CPU
		{804995C5-68E1-41D2-A594-77A38BE7BD8F}.Debug|Any CPU.ActiveCfg = Debug|Any CPU
		{804995C5-68E1-41D2-A594-77A38BE7BD8F}.Debug|Any CPU.Build.0 = Debug|Any CPU
		{804995C5-68E1-41D2-A594-77A38BE7BD8F}.Debug|x86.ActiveCfg = Debug|Any CPU
		{804995C5-68E1-41D2-A594-77A38BE7BD8F}.Debug|x86.Build.0 = Debug|Any CPU
		{804995C5-68E1-41D2-A594-77A38BE7BD8F}.Release|Any CPU.ActiveCfg = Release|Any CPU
		{804995C5-68E1-41D2-A594-77A38BE7BD8F}.Release|Any CPU.Build.0 = Release|Any CPU
		{804995C5-68E1-41D2-A594-77A38BE7BD8F}.Release|x86.ActiveCfg = Release|Any CPU
		{804995C5-68E1-41D2-A594-77A38BE7BD8F}.Release|x86.Build.0 = Release|Any CPU
	EndGlobalSection
	GlobalSection(SolutionProperties) = preSolution
		HideSolutionNode = FALSE
	EndGlobalSection
	GlobalSection(NestedProjects) = preSolution
		{2D478C0A-C99C-4336-A47E-3A2E789F98E3} = {484BA1BE-D42B-410D-A83D-59529C7ACB38}
		{2EF2AEBC-1AF3-4ECC-AA1C-BB2C417888F8} = {484BA1BE-D42B-410D-A83D-59529C7ACB38}
		{2D34F9AA-31A2-4F7B-B075-B0AFA4AF7231} = {484BA1BE-D42B-410D-A83D-59529C7ACB38}
		{804995C5-68E1-41D2-A594-77A38BE7BD8F} = {484BA1BE-D42B-410D-A83D-59529C7ACB38}
	EndGlobalSection
EndGlobal
