
Microsoft Visual Studio Solution File, Format Version 12.00
# Visual Studio Version 16
VisualStudioVersion = 16.0.31205.134
MinimumVisualStudioVersion = 10.0.40219.1
Project("{9A19103F-16F7-4668-BE54-9A1E7A4F7556}") = "Parakeet", "Parakeet\Parakeet.csproj", "{CDF19F11-3329-4880-9D76-9B7F95E1C776}"
EndProject
Project("{9A19103F-16F7-4668-BE54-9A1E7A4F7556}") = "Parakeet.Models", "Parakeet.Models\Parakeet.Models.csproj", "{542566EA-54C2-4594-9C7E-5AAC6FD382C8}"
EndProject
Project("{9A19103F-16F7-4668-BE54-9A1E7A4F7556}") = "Parakeet.Manager", "Parakeet.Manager\Parakeet.Manager.csproj", "{21BD886F-A1E6-4EA8-A392-90B255D4479D}"
EndProject
Global
	GlobalSection(SolutionConfigurationPlatforms) = preSolution
		Debug|Any CPU = Debug|Any CPU
		Release|Any CPU = Release|Any CPU
	EndGlobalSection
	GlobalSection(ProjectConfigurationPlatforms) = postSolution
		{CDF19F11-3329-4880-9D76-9B7F95E1C776}.Debug|Any CPU.ActiveCfg = Debug|Any CPU
		{CDF19F11-3329-4880-9D76-9B7F95E1C776}.Debug|Any CPU.Build.0 = Debug|Any CPU
		{CDF19F11-3329-4880-9D76-9B7F95E1C776}.Release|Any CPU.ActiveCfg = Release|Any CPU
		{CDF19F11-3329-4880-9D76-9B7F95E1C776}.Release|Any CPU.Build.0 = Release|Any CPU
		{542566EA-54C2-4594-9C7E-5AAC6FD382C8}.Debug|Any CPU.ActiveCfg = Debug|Any CPU
		{542566EA-54C2-4594-9C7E-5AAC6FD382C8}.Debug|Any CPU.Build.0 = Debug|Any CPU
		{542566EA-54C2-4594-9C7E-5AAC6FD382C8}.Release|Any CPU.ActiveCfg = Release|Any CPU
		{542566EA-54C2-4594-9C7E-5AAC6FD382C8}.Release|Any CPU.Build.0 = Release|Any CPU
		{21BD886F-A1E6-4EA8-A392-90B255D4479D}.Debug|Any CPU.ActiveCfg = Debug|Any CPU
		{21BD886F-A1E6-4EA8-A392-90B255D4479D}.Debug|Any CPU.Build.0 = Debug|Any CPU
		{21BD886F-A1E6-4EA8-A392-90B255D4479D}.Release|Any CPU.ActiveCfg = Release|Any CPU
		{21BD886F-A1E6-4EA8-A392-90B255D4479D}.Release|Any CPU.Build.0 = Release|Any CPU
	EndGlobalSection
	GlobalSection(SolutionProperties) = preSolution
		HideSolutionNode = FALSE
	EndGlobalSection
	GlobalSection(ExtensibilityGlobals) = postSolution
		SolutionGuid = {FA268237-75C4-42CB-BA3E-BFB676B1C40B}
	EndGlobalSection
EndGlobal
